
Microsoft Visual Studio Solution File, Format Version 12.00
# Visual Studio 14
VisualStudioVersion = 14.0.25420.1
MinimumVisualStudioVersion = 10.0.40219.1
Project("{2150E333-8FDC-42A3-9474-1A3956D46DE8}") = "src", "src", "{AA8AB17A-CCA8-44F7-AB10-D4EF420E140E}"
EndProject
Project("{2150E333-8FDC-42A3-9474-1A3956D46DE8}") = "Solution Items", "Solution Items", "{E2F7280C-2727-43B9-9D23-88D5ACC34200}"
	ProjectSection(SolutionItems) = preProject
		global.json = global.json
	EndProjectSection
EndProject
Project("{8BB2217D-0F2D-49D1-97BC-3654ED321F3B}") = "reCaptchaCore", "src\reCaptchaCore\reCaptchaCore.xproj", "{BA5603E1-C3A6-4487-A24B-5EA16F5A4BC4}"
EndProject
Global
	GlobalSection(SolutionConfigurationPlatforms) = preSolution
		Debug|Any CPU = Debug|Any CPU
		Release|Any CPU = Release|Any CPU
	EndGlobalSection
	GlobalSection(ProjectConfigurationPlatforms) = postSolution
		{BA5603E1-C3A6-4487-A24B-5EA16F5A4BC4}.Debug|Any CPU.ActiveCfg = Debug|Any CPU
		{BA5603E1-C3A6-4487-A24B-5EA16F5A4BC4}.Debug|Any CPU.Build.0 = Debug|Any CPU
		{BA5603E1-C3A6-4487-A24B-5EA16F5A4BC4}.Release|Any CPU.ActiveCfg = Release|Any CPU
		{BA5603E1-C3A6-4487-A24B-5EA16F5A4BC4}.Release|Any CPU.Build.0 = Release|Any CPU
	EndGlobalSection
	GlobalSection(SolutionProperties) = preSolution
		HideSolutionNode = FALSE
	EndGlobalSection
	GlobalSection(NestedProjects) = preSolution
		{BA5603E1-C3A6-4487-A24B-5EA16F5A4BC4} = {AA8AB17A-CCA8-44F7-AB10-D4EF420E140E}
	EndGlobalSection
EndGlobal
